// !$*UTF8*$!
{
	archiveVersion = 1;
	classes = {
	};
	objectVersion = 46;
	objects = {

/* Begin PBXBuildFile section */
		F7BC26711BE3619C009A7558 /* DQLyrcisViewController.m in Sources */ = {isa = PBXBuildFile; fileRef = F7BC26701BE3619C009A7558 /* DQLyrcisViewController.m */; };
		F7C227A31BE6116300D6DBD3 /* DQLyrcisCell.m in Sources */ = {isa = PBXBuildFile; fileRef = F7C227A21BE6116300D6DBD3 /* DQLyrcisCell.m */; };
		F7E6FB501BE30762007976B2 /* main.m in Sources */ = {isa = PBXBuildFile; fileRef = F7E6FB4F1BE30762007976B2 /* main.m */; };
		F7E6FB531BE30762007976B2 /* AppDelegate.m in Sources */ = {isa = PBXBuildFile; fileRef = F7E6FB521BE30762007976B2 /* AppDelegate.m */; };
		F7E6FB5B1BE30762007976B2 /* Images.xcassets in Resources */ = {isa = PBXBuildFile; fileRef = F7E6FB5A1BE30762007976B2 /* Images.xcassets */; };
		F7E6FB5E1BE30762007976B2 /* LaunchScreen.xib in Resources */ = {isa = PBXBuildFile; fileRef = F7E6FB5C1BE30762007976B2 /* LaunchScreen.xib */; };
		F7E6FB6A1BE30763007976B2 /* MusicPlayerTests.m in Sources */ = {isa = PBXBuildFile; fileRef = F7E6FB691BE30763007976B2 /* MusicPlayerTests.m */; };
		F7E6FB751BE30832007976B2 /* DQHomeViewController.m in Sources */ = {isa = PBXBuildFile; fileRef = F7E6FB741BE30832007976B2 /* DQHomeViewController.m */; };
		F7E6FB781BE308B1007976B2 /* DQSlider.m in Sources */ = {isa = PBXBuildFile; fileRef = F7E6FB771BE308B1007976B2 /* DQSlider.m */; };
		F7E6FB8E1BE31570007976B2 /* aboveMusic.png in Resources */ = {isa = PBXBuildFile; fileRef = F7E6FB7A1BE31570007976B2 /* aboveMusic.png */; };
		F7E6FB8F1BE31570007976B2 /* backgroundImage5.jpg in Resources */ = {isa = PBXBuildFile; fileRef = F7E6FB7B1BE31570007976B2 /* backgroundImage5.jpg */; };
		F7E6FB901BE31570007976B2 /* circleClose.png in Resources */ = {isa = PBXBuildFile; fileRef = F7E6FB7C1BE31570007976B2 /* circleClose.png */; };
		F7E6FB911BE31570007976B2 /* circleOpen.png in Resources */ = {isa = PBXBuildFile; fileRef = F7E6FB7D1BE31570007976B2 /* circleOpen.png */; };
		F7E6FB921BE31570007976B2 /* homePage_default@2x.png in Resources */ = {isa = PBXBuildFile; fileRef = F7E6FB7E1BE31570007976B2 /* homePage_default@2x.png */; };
		F7E6FB931BE31570007976B2 /* menu.png in Resources */ = {isa = PBXBuildFile; fileRef = F7E6FB7F1BE31570007976B2 /* menu.png */; };
		F7E6FB941BE31570007976B2 /* nextMusic.png in Resources */ = {isa = PBXBuildFile; fileRef = F7E6FB801BE31570007976B2 /* nextMusic.png */; };
		F7E6FB951BE31570007976B2 /* pause.png in Resources */ = {isa = PBXBuildFile; fileRef = F7E6FB811BE31570007976B2 /* pause.png */; };
		F7E6FB961BE31570007976B2 /* play.png in Resources */ = {isa = PBXBuildFile; fileRef = F7E6FB821BE31570007976B2 /* play.png */; };
		F7E6FB971BE31570007976B2 /* randomClose.png in Resources */ = {isa = PBXBuildFile; fileRef = F7E6FB831BE31570007976B2 /* randomClose.png */; };
		F7E6FB981BE31570007976B2 /* randomOpen.png in Resources */ = {isa = PBXBuildFile; fileRef = F7E6FB841BE31570007976B2 /* randomOpen.png */; };
		F7E6FB991BE31570007976B2 /* sliderThumb_small.png in Resources */ = {isa = PBXBuildFile; fileRef = F7E6FB851BE31570007976B2 /* sliderThumb_small.png */; };
		F7E6FB9A1BE31570007976B2 /* soundSlider.png in Resources */ = {isa = PBXBuildFile; fileRef = F7E6FB861BE31570007976B2 /* soundSlider.png */; };
		F7E6FB9B1BE31570007976B2 /* 不再犹豫.lrc in Resources */ = {isa = PBXBuildFile; fileRef = F7E6FB881BE31570007976B2 /* 不再犹豫.lrc */; };
		F7E6FB9C1BE31570007976B2 /* 不再犹豫.mp3 in Resources */ = {isa = PBXBuildFile; fileRef = F7E6FB891BE31570007976B2 /* 不再犹豫.mp3 */; };
		F7E6FB9D1BE31570007976B2 /* 喜欢你.lrc in Resources */ = {isa = PBXBuildFile; fileRef = F7E6FB8A1BE31570007976B2 /* 喜欢你.lrc */; };
		F7E6FB9E1BE31570007976B2 /* 喜欢你.mp3 in Resources */ = {isa = PBXBuildFile; fileRef = F7E6FB8B1BE31570007976B2 /* 喜欢你.mp3 */; };
		F7E6FB9F1BE31570007976B2 /* 海阔天空.lrc in Resources */ = {isa = PBXBuildFile; fileRef = F7E6FB8C1BE31570007976B2 /* 海阔天空.lrc */; };
		F7E6FBA01BE31570007976B2 /* 海阔天空.mp3 in Resources */ = {isa = PBXBuildFile; fileRef = F7E6FB8D1BE31570007976B2 /* 海阔天空.mp3 */; };
/* End PBXBuildFile section */

/* Begin PBXContainerItemProxy section */
		F7E6FB641BE30763007976B2 /* PBXContainerItemProxy */ = {
			isa = PBXContainerItemProxy;
			containerPortal = F7E6FB421BE30762007976B2 /* Project object */;
			proxyType = 1;
			remoteGlobalIDString = F7E6FB491BE30762007976B2;
			remoteInfo = MusicPlayer;
		};
/* End PBXContainerItemProxy section */

/* Begin PBXFileReference section */
		F7BC266F1BE3619C009A7558 /* DQLyrcisViewController.h */ = {isa = PBXFileReference; fileEncoding = 4; lastKnownFileType = sourcecode.c.h; path = DQLyrcisViewController.h; sourceTree = "<group>"; };
		F7BC26701BE3619C009A7558 /* DQLyrcisViewController.m */ = {isa = PBXFileReference; fileEncoding = 4; lastKnownFileType = sourcecode.c.objc; path = DQLyrcisViewController.m; sourceTree = "<group>"; };
		F7C227A11BE6116300D6DBD3 /* DQLyrcisCell.h */ = {isa = PBXFileReference; fileEncoding = 4; lastKnownFileType = sourcecode.c.h; name = DQLyrcisCell.h; path = ../DQLyrcisCell.h; sourceTree = "<group>"; };
		F7C227A21BE6116300D6DBD3 /* DQLyrcisCell.m */ = {isa = PBXFileReference; fileEncoding = 4; lastKnownFileType = sourcecode.c.objc; name = DQLyrcisCell.m; path = ../DQLyrcisCell.m; sourceTree = "<group>"; };
		F7E6FB4A1BE30762007976B2 /* MusicPlayer.app */ = {isa = PBXFileReference; explicitFileType = wrapper.application; includeInIndex = 0; path = MusicPlayer.app; sourceTree = BUILT_PRODUCTS_DIR; };
		F7E6FB4E1BE30762007976B2 /* Info.plist */ = {isa = PBXFileReference; lastKnownFileType = text.plist.xml; path = Info.plist; sourceTree = "<group>"; };
		F7E6FB4F1BE30762007976B2 /* main.m */ = {isa = PBXFileReference; lastKnownFileType = sourcecode.c.objc; path = main.m; sourceTree = "<group>"; };
		F7E6FB511BE30762007976B2 /* AppDelegate.h */ = {isa = PBXFileReference; lastKnownFileType = sourcecode.c.h; path = AppDelegate.h; sourceTree = "<group>"; };
		F7E6FB521BE30762007976B2 /* AppDelegate.m */ = {isa = PBXFileReference; lastKnownFileType = sourcecode.c.objc; path = AppDelegate.m; sourceTree = "<group>"; };
		F7E6FB5A1BE30762007976B2 /* Images.xcassets */ = {isa = PBXFileReference; lastKnownFileType = folder.assetcatalog; path = Images.xcassets; sourceTree = "<group>"; };
		F7E6FB5D1BE30762007976B2 /* Base */ = {isa = PBXFileReference; lastKnownFileType = file.xib; name = Base; path = Base.lproj/LaunchScreen.xib; sourceTree = "<group>"; };
		F7E6FB631BE30763007976B2 /* MusicPlayerTests.xctest */ = {isa = PBXFileReference; explicitFileType = wrapper.cfbundle; includeInIndex = 0; path = MusicPlayerTests.xctest; sourceTree = BUILT_PRODUCTS_DIR; };
		F7E6FB681BE30763007976B2 /* Info.plist */ = {isa = PBXFileReference; lastKnownFileType = text.plist.xml; path = Info.plist; sourceTree = "<group>"; };
		F7E6FB691BE30763007976B2 /* MusicPlayerTests.m */ = {isa = PBXFileReference; lastKnownFileType = sourcecode.c.objc; path = MusicPlayerTests.m; sourceTree = "<group>"; };
		F7E6FB731BE30832007976B2 /* DQHomeViewController.h */ = {isa = PBXFileReference; fileEncoding = 4; lastKnownFileType = sourcecode.c.h; path = DQHomeViewController.h; sourceTree = "<group>"; };
		F7E6FB741BE30832007976B2 /* DQHomeViewController.m */ = {isa = PBXFileReference; fileEncoding = 4; lastKnownFileType = sourcecode.c.objc; path = DQHomeViewController.m; sourceTree = "<group>"; };
		F7E6FB761BE308B1007976B2 /* DQSlider.h */ = {isa = PBXFileReference; fileEncoding = 4; lastKnownFileType = sourcecode.c.h; path = DQSlider.h; sourceTree = "<group>"; };
		F7E6FB771BE308B1007976B2 /* DQSlider.m */ = {isa = PBXFileReference; fileEncoding = 4; lastKnownFileType = sourcecode.c.objc; path = DQSlider.m; sourceTree = "<group>"; };
		F7E6FB7A1BE31570007976B2 /* aboveMusic.png */ = {isa = PBXFileReference; lastKnownFileType = image.png; path = aboveMusic.png; sourceTree = "<group>"; };
		F7E6FB7B1BE31570007976B2 /* backgroundImage5.jpg */ = {isa = PBXFileReference; lastKnownFileType = image.jpeg; path = backgroundImage5.jpg; sourceTree = "<group>"; };
		F7E6FB7C1BE31570007976B2 /* circleClose.png */ = {isa = PBXFileReference; lastKnownFileType = image.png; path = circleClose.png; sourceTree = "<group>"; };
		F7E6FB7D1BE31570007976B2 /* circleOpen.png */ = {isa = PBXFileReference; lastKnownFileType = image.png; path = circleOpen.png; sourceTree = "<group>"; };
		F7E6FB7E1BE31570007976B2 /* homePage_default@2x.png */ = {isa = PBXFileReference; lastKnownFileType = image.png; path = "homePage_default@2x.png"; sourceTree = "<group>"; };
		F7E6FB7F1BE31570007976B2 /* menu.png */ = {isa = PBXFileReference; lastKnownFileType = image.png; path = menu.png; sourceTree = "<group>"; };
		F7E6FB801BE31570007976B2 /* nextMusic.png */ = {isa = PBXFileReference; lastKnownFileType = image.png; path = nextMusic.png; sourceTree = "<group>"; };
		F7E6FB811BE31570007976B2 /* pause.png */ = {isa = PBXFileReference; lastKnownFileType = image.png; path = pause.png; sourceTree = "<group>"; };
		F7E6FB821BE31570007976B2 /* play.png */ = {isa = PBXFileReference; lastKnownFileType = image.png; path = play.png; sourceTree = "<group>"; };
		F7E6FB831BE31570007976B2 /* randomClose.png */ = {isa = PBXFileReference; lastKnownFileType = image.png; path = randomClose.png; sourceTree = "<group>"; };
		F7E6FB841BE31570007976B2 /* randomOpen.png */ = {isa = PBXFileReference; lastKnownFileType = image.png; path = randomOpen.png; sourceTree = "<group>"; };
		F7E6FB851BE31570007976B2 /* sliderThumb_small.png */ = {isa = PBXFileReference; lastKnownFileType = image.png; path = sliderThumb_small.png; sourceTree = "<group>"; };
		F7E6FB861BE31570007976B2 /* soundSlider.png */ = {isa = PBXFileReference; lastKnownFileType = image.png; path = soundSlider.png; sourceTree = "<group>"; };
		F7E6FB881BE31570007976B2 /* 不再犹豫.lrc */ = {isa = PBXFileReference; fileEncoding = 4; lastKnownFileType = text; path = "不再犹豫.lrc"; sourceTree = "<group>"; };
		F7E6FB891BE31570007976B2 /* 不再犹豫.mp3 */ = {isa = PBXFileReference; lastKnownFileType = audio.mp3; path = "不再犹豫.mp3"; sourceTree = "<group>"; };
		F7E6FB8A1BE31570007976B2 /* 喜欢你.lrc */ = {isa = PBXFileReference; fileEncoding = 4; lastKnownFileType = text; path = "喜欢你.lrc"; sourceTree = "<group>"; };
		F7E6FB8B1BE31570007976B2 /* 喜欢你.mp3 */ = {isa = PBXFileReference; lastKnownFileType = audio.mp3; path = "喜欢你.mp3"; sourceTree = "<group>"; };
		F7E6FB8C1BE31570007976B2 /* 海阔天空.lrc */ = {isa = PBXFileReference; fileEncoding = 4; lastKnownFileType = text; path = "海阔天空.lrc"; sourceTree = "<group>"; };
		F7E6FB8D1BE31570007976B2 /* 海阔天空.mp3 */ = {isa = PBXFileReference; lastKnownFileType = audio.mp3; path = "海阔天空.mp3"; sourceTree = "<group>"; };
/* End PBXFileReference section */

/* Begin PBXFrameworksBuildPhase section */
		F7E6FB471BE30762007976B2 /* Frameworks */ = {
			isa = PBXFrameworksBuildPhase;
			buildActionMask = 2147483647;
			files = (
			);
			runOnlyForDeploymentPostprocessing = 0;
		};
		F7E6FB601BE30763007976B2 /* Frameworks */ = {
			isa = PBXFrameworksBuildPhase;
			buildActionMask = 2147483647;
			files = (
			);
			runOnlyForDeploymentPostprocessing = 0;
		};
/* End PBXFrameworksBuildPhase section */

/* Begin PBXGroup section */
		F7E6FB411BE30762007976B2 = {
			isa = PBXGroup;
			children = (
				F7E6FB4C1BE30762007976B2 /* MusicPlayer */,
				F7E6FB661BE30763007976B2 /* MusicPlayerTests */,
				F7E6FB4B1BE30762007976B2 /* Products */,
			);
			sourceTree = "<group>";
		};
		F7E6FB4B1BE30762007976B2 /* Products */ = {
			isa = PBXGroup;
			children = (
				F7E6FB4A1BE30762007976B2 /* MusicPlayer.app */,
				F7E6FB631BE30763007976B2 /* MusicPlayerTests.xctest */,
			);
			name = Products;
			sourceTree = "<group>";
		};
		F7E6FB4C1BE30762007976B2 /* MusicPlayer */ = {
			isa = PBXGroup;
			children = (
				F7E6FB511BE30762007976B2 /* AppDelegate.h */,
				F7E6FB521BE30762007976B2 /* AppDelegate.m */,
				F7E6FB731BE30832007976B2 /* DQHomeViewController.h */,
				F7E6FB741BE30832007976B2 /* DQHomeViewController.m */,
				F7E6FB761BE308B1007976B2 /* DQSlider.h */,
				F7E6FB771BE308B1007976B2 /* DQSlider.m */,
				F7C227A11BE6116300D6DBD3 /* DQLyrcisCell.h */,
				F7C227A21BE6116300D6DBD3 /* DQLyrcisCell.m */,
				F7BC266F1BE3619C009A7558 /* DQLyrcisViewController.h */,
				F7BC26701BE3619C009A7558 /* DQLyrcisViewController.m */,
				F7E6FB5A1BE30762007976B2 /* Images.xcassets */,
				F7E6FB5C1BE30762007976B2 /* LaunchScreen.xib */,
				F7E6FB4D1BE30762007976B2 /* Supporting Files */,
			);
			path = MusicPlayer;
			sourceTree = "<group>";
		};
		F7E6FB4D1BE30762007976B2 /* Supporting Files */ = {
			isa = PBXGroup;
			children = (
				F7E6FB791BE31570007976B2 /* image */,
				F7E6FB871BE31570007976B2 /* Songs */,
				F7E6FB4E1BE30762007976B2 /* Info.plist */,
				F7E6FB4F1BE30762007976B2 /* main.m */,
			);
			name = "Supporting Files";
			sourceTree = "<group>";
		};
		F7E6FB661BE30763007976B2 /* MusicPlayerTests */ = {
			isa = PBXGroup;
			children = (
				F7E6FB691BE30763007976B2 /* MusicPlayerTests.m */,
				F7E6FB671BE30763007976B2 /* Supporting Files */,
			);
			path = MusicPlayerTests;
			sourceTree = "<group>";
		};
		F7E6FB671BE30763007976B2 /* Supporting Files */ = {
			isa = PBXGroup;
			children = (
				F7E6FB681BE30763007976B2 /* Info.plist */,
			);
			name = "Supporting Files";
			sourceTree = "<group>";
		};
		F7E6FB791BE31570007976B2 /* image */ = {
			isa = PBXGroup;
			children = (
				F7E6FB7A1BE31570007976B2 /* aboveMusic.png */,
				F7E6FB7B1BE31570007976B2 /* backgroundImage5.jpg */,
				F7E6FB7C1BE31570007976B2 /* circleClose.png */,
				F7E6FB7D1BE31570007976B2 /* circleOpen.png */,
				F7E6FB7E1BE31570007976B2 /* homePage_default@2x.png */,
				F7E6FB7F1BE31570007976B2 /* menu.png */,
				F7E6FB801BE31570007976B2 /* nextMusic.png */,
				F7E6FB811BE31570007976B2 /* pause.png */,
				F7E6FB821BE31570007976B2 /* play.png */,
				F7E6FB831BE31570007976B2 /* randomClose.png */,
				F7E6FB841BE31570007976B2 /* randomOpen.png */,
				F7E6FB851BE31570007976B2 /* sliderThumb_small.png */,
				F7E6FB861BE31570007976B2 /* soundSlider.png */,
			);
			path = image;
			sourceTree = "<group>";
		};
		F7E6FB871BE31570007976B2 /* Songs */ = {
			isa = PBXGroup;
			children = (
				F7E6FB881BE31570007976B2 /* 不再犹豫.lrc */,
				F7E6FB891BE31570007976B2 /* 不再犹豫.mp3 */,
				F7E6FB8A1BE31570007976B2 /* 喜欢你.lrc */,
				F7E6FB8B1BE31570007976B2 /* 喜欢你.mp3 */,
				F7E6FB8C1BE31570007976B2 /* 海阔天空.lrc */,
				F7E6FB8D1BE31570007976B2 /* 海阔天空.mp3 */,
			);
			path = Songs;
			sourceTree = "<group>";
		};
/* End PBXGroup section */

/* Begin PBXNativeTarget section */
		F7E6FB491BE30762007976B2 /* MusicPlayer */ = {
			isa = PBXNativeTarget;
			buildConfigurationList = F7E6FB6D1BE30763007976B2 /* Build configuration list for PBXNativeTarget "MusicPlayer" */;
			buildPhases = (
				F7E6FB461BE30762007976B2 /* Sources */,
				F7E6FB471BE30762007976B2 /* Frameworks */,
				F7E6FB481BE30762007976B2 /* Resources */,
			);
			buildRules = (
			);
			dependencies = (
			);
			name = MusicPlayer;
			productName = MusicPlayer;
			productReference = F7E6FB4A1BE30762007976B2 /* MusicPlayer.app */;
			productType = "com.apple.product-type.application";
		};
		F7E6FB621BE30763007976B2 /* MusicPlayerTests */ = {
			isa = PBXNativeTarget;
			buildConfigurationList = F7E6FB701BE30763007976B2 /* Build configuration list for PBXNativeTarget "MusicPlayerTests" */;
			buildPhases = (
				F7E6FB5F1BE30763007976B2 /* Sources */,
				F7E6FB601BE30763007976B2 /* Frameworks */,
				F7E6FB611BE30763007976B2 /* Resources */,
			);
			buildRules = (
			);
			dependencies = (
				F7E6FB651BE30763007976B2 /* PBXTargetDependency */,
			);
			name = MusicPlayerTests;
			productName = MusicPlayerTests;
			productReference = F7E6FB631BE30763007976B2 /* MusicPlayerTests.xctest */;
			productType = "com.apple.product-type.bundle.unit-test";
		};
/* End PBXNativeTarget section */

/* Begin PBXProject section */
		F7E6FB421BE30762007976B2 /* Project object */ = {
			isa = PBXProject;
			attributes = {
				LastUpgradeCheck = 0640;
				ORGANIZATIONNAME = "强";
				TargetAttributes = {
					F7E6FB491BE30762007976B2 = {
						CreatedOnToolsVersion = 6.4;
					};
					F7E6FB621BE30763007976B2 = {
						CreatedOnToolsVersion = 6.4;
						TestTargetID = F7E6FB491BE30762007976B2;
					};
				};
			};
			buildConfigurationList = F7E6FB451BE30762007976B2 /* Build configuration list for PBXProject "MusicPlayer" */;
			compatibilityVersion = "Xcode 3.2";
			developmentRegion = English;
			hasScannedForEncodings = 0;
			knownRegions = (
				en,
				Base,
			);
			mainGroup = F7E6FB411BE30762007976B2;
			productRefGroup = F7E6FB4B1BE30762007976B2 /* Products */;
			projectDirPath = "";
			projectRoot = "";
			targets = (
				F7E6FB491BE30762007976B2 /* MusicPlayer */,
				F7E6FB621BE30763007976B2 /* MusicPlayerTests */,
			);
		};
/* End PBXProject section */

/* Begin PBXResourcesBuildPhase section */
		F7E6FB481BE30762007976B2 /* Resources */ = {
			isa = PBXResourcesBuildPhase;
			buildActionMask = 2147483647;
			files = (
				F7E6FB9D1BE31570007976B2 /* 喜欢你.lrc in Resources */,
				F7E6FB931BE31570007976B2 /* menu.png in Resources */,
				F7E6FB941BE31570007976B2 /* nextMusic.png in Resources */,
				F7E6FB951BE31570007976B2 /* pause.png in Resources */,
				F7E6FB9E1BE31570007976B2 /* 喜欢你.mp3 in Resources */,
				F7E6FB8E1BE31570007976B2 /* aboveMusic.png in Resources */,
				F7E6FB9A1BE31570007976B2 /* soundSlider.png in Resources */,
				F7E6FB9B1BE31570007976B2 /* 不再犹豫.lrc in Resources */,
				F7E6FB921BE31570007976B2 /* homePage_default@2x.png in Resources */,
				F7E6FB9F1BE31570007976B2 /* 海阔天空.lrc in Resources */,
				F7E6FB971BE31570007976B2 /* randomClose.png in Resources */,
				F7E6FB901BE31570007976B2 /* circleClose.png in Resources */,
				F7E6FB991BE31570007976B2 /* sliderThumb_small.png in Resources */,
				F7E6FB5E1BE30762007976B2 /* LaunchScreen.xib in Resources */,
				F7E6FB961BE31570007976B2 /* play.png in Resources */,
				F7E6FB9C1BE31570007976B2 /* 不再犹豫.mp3 in Resources */,
				F7E6FB981BE31570007976B2 /* randomOpen.png in Resources */,
				F7E6FB911BE31570007976B2 /* circleOpen.png in Resources */,
				F7E6FB5B1BE30762007976B2 /* Images.xcassets in Resources */,
				F7E6FB8F1BE31570007976B2 /* backgroundImage5.jpg in Resources */,
				F7E6FBA01BE31570007976B2 /* 海阔天空.mp3 in Resources */,
			);
			runOnlyForDeploymentPostprocessing = 0;
		};
		F7E6FB611BE30763007976B2 /* Resources */ = {
			isa = PBXResourcesBuildPhase;
			buildActionMask = 2147483647;
			files = (
			);
			runOnlyForDeploymentPostprocessing = 0;
		};
/* End PBXResourcesBuildPhase section */

/* Begin PBXSourcesBuildPhase section */
		F7E6FB461BE30762007976B2 /* Sources */ = {
			isa = PBXSourcesBuildPhase;
			buildActionMask = 2147483647;
			files = (
				F7BC26711BE3619C009A7558 /* DQLyrcisViewController.m in Sources */,
				F7E6FB751BE30832007976B2 /* DQHomeViewController.m in Sources */,
				F7C227A31BE6116300D6DBD3 /* DQLyrcisCell.m in Sources */,
				F7E6FB781BE308B1007976B2 /* DQSlider.m in Sources */,
				F7E6FB531BE30762007976B2 /* AppDelegate.m in Sources */,
				F7E6FB501BE30762007976B2 /* main.m in Sources */,
			);
			runOnlyForDeploymentPostprocessing = 0;
		};
		F7E6FB5F1BE30763007976B2 /* Sources */ = {
			isa = PBXSourcesBuildPhase;
			buildActionMask = 2147483647;
			files = (
				F7E6FB6A1BE30763007976B2 /* MusicPlayerTests.m in Sources */,
			);
			runOnlyForDeploymentPostprocessing = 0;
		};
/* End PBXSourcesBuildPhase section */

/* Begin PBXTargetDependency section */
		F7E6FB651BE30763007976B2 /* PBXTargetDependency */ = {
			isa = PBXTargetDependency;
			target = F7E6FB491BE30762007976B2 /* MusicPlayer */;
			targetProxy = F7E6FB641BE30763007976B2 /* PBXContainerItemProxy */;
		};
/* End PBXTargetDependency section */

/* Begin PBXVariantGroup section */
		F7E6FB5C1BE30762007976B2 /* LaunchScreen.xib */ = {
			isa = PBXVariantGroup;
			children = (
				F7E6FB5D1BE30762007976B2 /* Base */,
			);
			name = LaunchScreen.xib;
			sourceTree = "<group>";
		};
/* End PBXVariantGroup section */

/* Begin XCBuildConfiguration section */
		F7E6FB6B1BE30763007976B2 /* Debug */ = {
			isa = XCBuildConfiguration;
			buildSettings = {
				ALWAYS_SEARCH_USER_PATHS = NO;
				CLANG_CXX_LANGUAGE_STANDARD = "gnu++0x";
				CLANG_CXX_LIBRARY = "libc++";
				CLANG_ENABLE_MODULES = YES;
				CLANG_ENABLE_OBJC_ARC = YES;
				CLANG_WARN_BOOL_CONVERSION = YES;
				CLANG_WARN_CONSTANT_CONVERSION = YES;
				CLANG_WARN_DIRECT_OBJC_ISA_USAGE = YES_ERROR;
				CLANG_WARN_EMPTY_BODY = YES;
				CLANG_WARN_ENUM_CONVERSION = YES;
				CLANG_WARN_INT_CONVERSION = YES;
				CLANG_WARN_OBJC_ROOT_CLASS = YES_ERROR;
				CLANG_WARN_UNREACHABLE_CODE = YES;
				CLANG_WARN__DUPLICATE_METHOD_MATCH = YES;
				"CODE_SIGN_IDENTITY[sdk=iphoneos*]" = "iPhone Developer";
				COPY_PHASE_STRIP = NO;
				DEBUG_INFORMATION_FORMAT = "dwarf-with-dsym";
				ENABLE_STRICT_OBJC_MSGSEND = YES;
				GCC_C_LANGUAGE_STANDARD = gnu99;
				GCC_DYNAMIC_NO_PIC = NO;
				GCC_NO_COMMON_BLOCKS = YES;
				GCC_OPTIMIZATION_LEVEL = 0;
				GCC_PREPROCESSOR_DEFINITIONS = (
					"DEBUG=1",
					"$(inherited)",
				);
				GCC_SYMBOLS_PRIVATE_EXTERN = NO;
				GCC_WARN_64_TO_32_BIT_CONVERSION = YES;
				GCC_WARN_ABOUT_RETURN_TYPE = YES_ERROR;
				GCC_WARN_UNDECLARED_SELECTOR = YES;
				GCC_WARN_UNINITIALIZED_AUTOS = YES_AGGRESSIVE;
				GCC_WARN_UNUSED_FUNCTION = YES;
				GCC_WARN_UNUSED_VARIABLE = YES;
				IPHONEOS_DEPLOYMENT_TARGET = 8.4;
				MTL_ENABLE_DEBUG_INFO = YES;
				ONLY_ACTIVE_ARCH = YES;
				SDKROOT = iphoneos;
			};
			name = Debug;
		};
		F7E6FB6C1BE30763007976B2 /* Release */ = {
			isa = XCBuildConfiguration;
			buildSettings = {
				ALWAYS_SEARCH_USER_PATHS = NO;
				CLANG_CXX_LANGUAGE_STANDARD = "gnu++0x";
				CLANG_CXX_LIBRARY = "libc++";
				CLANG_ENABLE_MODULES = YES;
				CLANG_ENABLE_OBJC_ARC = YES;
				CLANG_WARN_BOOL_CONVERSION = YES;
				CLANG_WARN_CONSTANT_CONVERSION = YES;
				CLANG_WARN_DIRECT_OBJC_ISA_USAGE = YES_ERROR;
				CLANG_WARN_EMPTY_BODY = YES;
				CLANG_WARN_ENUM_CONVERSION = YES;
				CLANG_WARN_INT_CONVERSION = YES;
				CLANG_WARN_OBJC_ROOT_CLASS = YES_ERROR;
				CLANG_WARN_UNREACHABLE_CODE = YES;
				CLANG_WARN__DUPLICATE_METHOD_MATCH = YES;
				"CODE_SIGN_IDENTITY[sdk=iphoneos*]" = "iPhone Developer";
				COPY_PHASE_STRIP = NO;
				DEBUG_INFORMATION_FORMAT = "dwarf-with-dsym";
				ENABLE_NS_ASSERTIONS = NO;
				ENABLE_STRICT_OBJC_MSGSEND = YES;
				GCC_C_LANGUAGE_STANDARD = gnu99;
				GCC_NO_COMMON_BLOCKS = YES;
				GCC_WARN_64_TO_32_BIT_CONVERSION = YES;
				GCC_WARN_ABOUT_RETURN_TYPE = YES_ERROR;
				GCC_WARN_UNDECLARED_SELECTOR = YES;
				GCC_WARN_UNINITIALIZED_AUTOS = YES_AGGRESSIVE;
				GCC_WARN_UNUSED_FUNCTION = YES;
				GCC_WARN_UNUSED_VARIABLE = YES;
				IPHONEOS_DEPLOYMENT_TARGET = 8.4;
				MTL_ENABLE_DEBUG_INFO = NO;
				SDKROOT = iphoneos;
				VALIDATE_PRODUCT = YES;
			};
			name = Release;
		};
		F7E6FB6E1BE30763007976B2 /* Debug */ = {
			isa = XCBuildConfiguration;
			buildSettings = {
				ASSETCATALOG_COMPILER_APPICON_NAME = AppIcon;
				INFOPLIST_FILE = MusicPlayer/Info.plist;
				LD_RUNPATH_SEARCH_PATHS = "$(inherited) @executable_path/Frameworks";
				PRODUCT_NAME = "$(TARGET_NAME)";
			};
			name = Debug;
		};
		F7E6FB6F1BE30763007976B2 /* Release */ = {
			isa = XCBuildConfiguration;
			buildSettings = {
				ASSETCATALOG_COMPILER_APPICON_NAME = AppIcon;
				INFOPLIST_FILE = MusicPlayer/Info.plist;
				LD_RUNPATH_SEARCH_PATHS = "$(inherited) @executable_path/Frameworks";
				PRODUCT_NAME = "$(TARGET_NAME)";
			};
			name = Release;
		};
		F7E6FB711BE30763007976B2 /* Debug */ = {
			isa = XCBuildConfiguration;
			buildSettings = {
				BUNDLE_LOADER = "$(TEST_HOST)";
				FRAMEWORK_SEARCH_PATHS = (
					"$(SDKROOT)/Developer/Library/Frameworks",
					"$(inherited)",
				);
				GCC_PREPROCESSOR_DEFINITIONS = (
					"DEBUG=1",
					"$(inherited)",
				);
				INFOPLIST_FILE = MusicPlayerTests/Info.plist;
				LD_RUNPATH_SEARCH_PATHS = "$(inherited) @executable_path/Frameworks @loader_path/Frameworks";
				PRODUCT_NAME = "$(TARGET_NAME)";
				TEST_HOST = "$(BUILT_PRODUCTS_DIR)/MusicPlayer.app/MusicPlayer";
			};
			name = Debug;
		};
		F7E6FB721BE30763007976B2 /* Release */ = {
			isa = XCBuildConfiguration;
			buildSettings = {
				BUNDLE_LOADER = "$(TEST_HOST)";
				FRAMEWORK_SEARCH_PATHS = (
					"$(SDKROOT)/Developer/Library/Frameworks",
					"$(inherited)",
				);
				INFOPLIST_FILE = MusicPlayerTests/Info.plist;
				LD_RUNPATH_SEARCH_PATHS = "$(inherited) @executable_path/Frameworks @loader_path/Frameworks";
				PRODUCT_NAME = "$(TARGET_NAME)";
				TEST_HOST = "$(BUILT_PRODUCTS_DIR)/MusicPlayer.app/MusicPlayer";
			};
			name = Release;
		};
/* End XCBuildConfiguration section */

/* Begin XCConfigurationList section */
		F7E6FB451BE30762007976B2 /* Build configuration list for PBXProject "MusicPlayer" */ = {
			isa = XCConfigurationList;
			buildConfigurations = (
				F7E6FB6B1BE30763007976B2 /* Debug */,
				F7E6FB6C1BE30763007976B2 /* Release */,
			);
			defaultConfigurationIsVisible = 0;
			defaultConfigurationName = Release;
		};
		F7E6FB6D1BE30763007976B2 /* Build configuration list for PBXNativeTarget "MusicPlayer" */ = {
			isa = XCConfigurationList;
			buildConfigurations = (
				F7E6FB6E1BE30763007976B2 /* Debug */,
				F7E6FB6F1BE30763007976B2 /* Release */,
			);
			defaultConfigurationIsVisible = 0;
			defaultConfigurationName = Release;
		};
		F7E6FB701BE30763007976B2 /* Build configuration list for PBXNativeTarget "MusicPlayerTests" */ = {
			isa = XCConfigurationList;
			buildConfigurations = (
				F7E6FB711BE30763007976B2 /* Debug */,
				F7E6FB721BE30763007976B2 /* Release */,
			);
			defaultConfigurationIsVisible = 0;
			defaultConfigurationName = Release;
		};
/* End XCConfigurationList section */
	};
	rootObject = F7E6FB421BE30762007976B2 /* Project object */;
}
